
Microsoft Visual Studio Solution File, Format Version 12.00
# Visual Studio 15
VisualStudioVersion = 15.0.28307.329
MinimumVisualStudioVersion = 10.0.40219.1
Project("{FAE04EC0-301F-11D3-BF4B-00C04F79EFBC}") = "ModeloParciales", "ModeloParciales\ModeloParciales.csproj", "{B0FEB49F-A7D3-47B6-A3DD-4EB6980CCFFD}"
EndProject
Global
	GlobalSection(SolutionConfigurationPlatforms) = preSolution
		Debug|Any CPU = Debug|Any CPU
		Release|Any CPU = Release|Any CPU
	EndGlobalSection
	GlobalSection(ProjectConfigurationPlatforms) = postSolution
		{B0FEB49F-A7D3-47B6-A3DD-4EB6980CCFFD}.Debug|Any CPU.ActiveCfg = Debug|Any CPU
		{B0FEB49F-A7D3-47B6-A3DD-4EB6980CCFFD}.Debug|Any CPU.Build.0 = Debug|Any CPU
		{B0FEB49F-A7D3-47B6-A3DD-4EB6980CCFFD}.Release|Any CPU.ActiveCfg = Release|Any CPU
		{B0FEB49F-A7D3-47B6-A3DD-4EB6980CCFFD}.Release|Any CPU.Build.0 = Release|Any CPU
	EndGlobalSection
	GlobalSection(SolutionProperties) = preSolution
		HideSolutionNode = FALSE
	EndGlobalSection
	GlobalSection(ExtensibilityGlobals) = postSolution
		SolutionGuid = {E4D5BB89-8412-4793-B1A7-ED2AD07141FE}
	EndGlobalSection
EndGlobal
