
Microsoft Visual Studio Solution File, Format Version 12.00
# Visual Studio 15
VisualStudioVersion = 15.0.28307.329
MinimumVisualStudioVersion = 10.0.40219.1
Project("{FAE04EC0-301F-11D3-BF4B-00C04F79EFBC}") = "RelationalModel", "RelationalModel\RelationalModel.csproj", "{AF5D0298-0982-44BD-85C8-954C4B40FF08}"
EndProject
Global
	GlobalSection(SolutionConfigurationPlatforms) = preSolution
		Debug|Any CPU = Debug|Any CPU
		Release|Any CPU = Release|Any CPU
	EndGlobalSection
	GlobalSection(ProjectConfigurationPlatforms) = postSolution
		{AF5D0298-0982-44BD-85C8-954C4B40FF08}.Debug|Any CPU.ActiveCfg = Debug|Any CPU
		{AF5D0298-0982-44BD-85C8-954C4B40FF08}.Debug|Any CPU.Build.0 = Debug|Any CPU
		{AF5D0298-0982-44BD-85C8-954C4B40FF08}.Release|Any CPU.ActiveCfg = Release|Any CPU
		{AF5D0298-0982-44BD-85C8-954C4B40FF08}.Release|Any CPU.Build.0 = Release|Any CPU
	EndGlobalSection
	GlobalSection(SolutionProperties) = preSolution
		HideSolutionNode = FALSE
	EndGlobalSection
	GlobalSection(ExtensibilityGlobals) = postSolution
		SolutionGuid = {757F9191-6140-4636-A909-9F2D9841F666}
	EndGlobalSection
EndGlobal
